# Uzel Gate 0 compatibility record. Values are evidence pins, not semver ranges.
schema = 1
validated_at = "2026-07-31"
gate = "Gate 0"
slice_01_verdict = "go"
slice_02_verdict = "pass"
slice_03_verdict = "pass"
slice_05_verdict = "pass"
slice_06_verdict = "pass"
acceptance_scope = "Linux-only Uzel POC"
blocking_reason = ""

[uzel_acceptance]
decision = "accept-provisional-linux-poc"
decision_owner = "jodobear"
accepted_at = "2026-07-28"
nampplets_upstream_status = "unratified"
apple_evidence_required = false
allowed_surfaces = [
  "Linux-neutral nampplets Rust crates",
  "RuntimeController exact-build and lifecycle facade",
  "NAP bridge and tested providers",
  "NmpDataPlane adapter over pinned NMP",
  "portable trusted-shell assets",
]
explicitly_unsupported = [
  "inc.channel.opened symmetric-channel lifecycle",
  "NAP-INTENT delivery in the Uzel POC",
  "Apple platform bindings and catalogs",
]
revalidate_on = [
  "any pinned commit or package integrity change",
  "use of a currently unsupported surface",
  "an upstream review-modified successor commit",
]

[kehto]
repository = "https://github.com/kehto/web"
observed_main = "297b5478ead54508a881909e658fda0c8ee19984"
pull_request = 204
pull_request_head = "59f56ce47e7eec2ec4438393f0c59b55f653cb04"
merge_commit = "b85db51db838866de753b275b9d34ec908785bd2"
merged_at = "2026-07-27T18:48:09Z"
package_source_commit = "dd7b3a728eb9c838b7218fcec7bb7bb00e7cc88b"
package_release_commit = "60889f1c2476e063500c7ab6624af6abe0dbcbe5"
package_manager = "pnpm@10.8.0"
pr_204_conformance_result = "fail: chat and feed access forbidden global fetch through Vite modulepreload polyfill"
pr_204_chat_bundle_sha256 = "2b4c6b2aa77dd62e637fd657ce82ff1bcd4aba9b12c2d8ed04789512b7ecfa1b"
pr_204_feed_bundle_sha256 = "f61f06190236f51f002911c25b307d892abe5ac896dedff05445ab2bb7df0582"
candidate_base = "297b5478ead54508a881909e658fda0c8ee19984"
candidate_commit = "62241de0b4526ba4fdc8a7b3c766c2499d3ae24d"
candidate_repository = "https://github.com/jodobear/kehto-web"
candidate_branch = "fix/napplet-conformance-no-modulepreload"
candidate_reachable = true
candidate_publication_result = "exact commit pushed to jodobear/kehto-web branch fix/napplet-conformance-no-modulepreload"
upstream_pull_request = 218
upstream_pr_result = "merged"
upstream_pr_url = "https://github.com/kehto/web/pull/218"
upstream_merge_commit = "4fd4affdd0043ea093c6b56a866f0f9f333e5375"
upstream_merged_at = "2026-07-29T01:49:25Z"
candidate_patch_sha256 = "f22b3185fc5983145d6e02366e454b1e8db6dc830fc943ea14c7e2428dc12f64"
candidate_playground_tree = "d1bab686acef6c21c0d377052c9f04cd2e59500f"
candidate_corpus_tree = "24a7dfa6277f339612f9b0a33668fec26d9e8d9a"
unit_test_files = "126/126"
unit_tests = "1576/1576"
build_tasks = "32/32"
typecheck_tasks = "17/17"
gateway_artifacts = "15/15"
ai_slop = "100/100 with aislop 0.12.0"
conformance_cli = "@napplet/conformance-cli@0.2.16"
conformance_result = "pass: chat and feed each report 6 passed, 0 failed, 4 skipped"
e2e_result = "69 passed and 1 skipped on canonical ports; the 10 harness cases obscured by an unrelated service on port 4173 passed 10/10 on disposable port 4273"
chat_bundle_sha256 = "378a59e3f6a9505d42d8e6bf5761ebb06be1a5212ed06e4aa117749acee2b64e"
feed_bundle_sha256 = "aeb221d1501998395616d2073432823443873e79b20cf56f2431d1b47f47debd"

[packages."@napplet/core"]
version = "0.29.0"
integrity = "sha512-P0/Cf0gC2yWEcAWZf5jWD5wbInTL77ZGyjeQoA+uUQwz5YpvRREdM/V3zrFM6NlVmK+c4x39xP+DZygk2mCpoA=="
shasum = "c9d9b1ae6a94abecf152078f33e8326fa72a92dd"

[packages."@napplet/nap"]
version = "0.29.0"
integrity = "sha512-4Z2M/eOZo8EI/FrUnUSUfSa7cBaKTcles9qvFfecKQnex3Ql/Vuhtw4VfMNpfkGbevDObSFoKcTu9jNxpRlH8w=="
shasum = "3d99f0f667b87d654db4e31429f1fdd8221114e0"

[packages."@napplet/shim"]
version = "0.27.0"
integrity = "sha512-CxXXzIrsGdVEzETOcFOri7j85bmS7ohtG2jZx336+wxbyUPTkh367cl6CEb8GdCInEmkHFYo2t8wIubApEdMpQ=="
shasum = "61252f2f184155e6d81894abb2f90f07574e6b98"

[packages."@napplet/sdk"]
version = "0.25.0"
integrity = "sha512-LOc0awH2kxRLBA6pXYyVWaGDBZ279bOQVFpL2QEUYIbB0sYQD+JvkFPuIZ3WUczV71ikqXrbsqFufaZlzyL+aQ=="
shasum = "aae585bda460fe639b410b3d72a792e898b7de2c"

[packages."@napplet/vite-plugin"]
version = "0.12.0"
integrity = "sha512-qEMhTTVnWn64emFoDJMB9fnrslt/YiEssc+URChgb6vRg+q+xEk4haf+5+yTZqz2Ht3APWG6JXoqPPaMBAOO7A=="
shasum = "fc23ee0425a7da605ebbbcd896ca47d0bc8c8ab5"

[packages."@napplet/conformance"]
version = "0.14.0"
integrity = "sha512-b2nBGm+LgJOXVj+fDpq6D7nZpUmfDGwAGkVPBePKK10eZvPKf7GMlaOtzO55NVNZWTqNCbi8ye+ern+miK3wvw=="
shasum = "399b50e4e65e866a76d8ad4ac2f80cc97283fe03"

[packages."@napplet/conformance-cli"]
version = "0.2.16"
integrity = "sha512-ZwJ4TC0bROnIBpZqHcMWMb1uDpciJh3DAy/dDjtwdgdUj32dfyxzcMyaRcVOqBHqtwsJPPUA9L9zudXVjAeVrA=="
shasum = "534c4a41a68cf85ad468d7ab98bb7355f14c6ca0"
playwright_range = "^1.59.1"
observed_playwright = "1.62.0"

[packages."@napplet/cli"]
version = "0.0.0"
integrity = "sha512-3IEelpDkQCf/5hWpYl964EumbFEBObbeowRt+18y06Sa/kycFPFNGkFLfrMG3QHm4xeGyNgS5UQuFwc4hfhseA=="
shasum = "2ed3894efd4767bfb7971cf83622b153ecaa7436"
runtime = "Deno 2.9.4"
nostr_tools = "2.24.0"

[specs.nap_registry]
repository = "https://github.com/napplet/naps"
commit = "5ac0490461ca6fec2f0d2e45b4835cf9bc08de24"
registry_status = "shell, intent, inc, theme Active; relay, identity, storage Draft"
document_status_conflict = "NAP-SHELL.md and NAP-INC.md still label themselves draft"

[specs.nap_inc]
merge_commit = "cdeaec36dc8d919b8c3a905575dd57d2f958ceff"
queryless_merge_commit = "111bea78eb5d0bc9b838eb52ac70a110c92254a7"
uri_transposition_merge_commit = "5ac0490461ca6fec2f0d2e45b4835cf9bc08de24"
symmetric_handles_merge_commit = "e0cd5848abb70a7450ed0eabfef9e8d04f4b41b3"
open_lifecycle_pr_head = "a718915ddefa2f03a0126579601f59d8bd86f7c4"

[specs.nap_relay]
pull_request = 2
state = "open draft"
head = "0be8abce18beb46ca37bd4ddd042f58d30b4eedc"

[specs.nap_identity]
merge_commit = "a802d350f8ad132695a100c46e1261916b9892a8"
state = "registry draft"

[specs.nap_storage]
pull_request = 3
state = "open"
head = "f71e84ebca7474db260346cbfc2d88f41b4e421e"

[specs.nip_5a]
repository = "https://github.com/nostr-protocol/nips"
repository_head = "6d2979b3f503a8539c983efbcdcf901bbcf9ed23"
document_commit = "5d6b432267d4046464490b1923b96844ac4559d0"
scope = "nsite kinds 5128, 15128, 35128; not napplet manifests"

[specs.nip_5d]
pull_request = 2303
state = "open; document status draft"
head = "eb45dfd7335b7f88cb53781984c553581d2b4c34"
manifest_kinds = [5129, 15129, 35129]

[nampplets]
repository = "https://github.com/pablof7z/nampplets"
upstream_base_commit = "839654cd3643b430548765823b783f0b5140b8da"
candidate_repository = "https://github.com/jodobear/nampplets"
commit = "e2f69f325a6b45213accdacfcc125e80e0687b4c"
previous_runtime_commit = "d533a63d519c14470f900323958509cdea1c6479"
pre_catalog_runtime_commit = "e539378ef735ce06651fd94b71e06f9ce757cb13"
naddr_upstream_branch = "feat/catalog-naddr-coordinates"
naddr_upstream_commit = "d5b9ad6ae9c37bb8aaa395d6908f3a0a9b0e3d17"
naddr_compat_branch = "uzel/naddr-compat-e539"
naddr_compat_commit = "2cc404cfb52a4fd8bd227a04569c6228e201df96"
naddr_fork_pr_url = "https://github.com/jodobear/nampplets/pull/2"
naddr_upstream_submission = "blocked: upstream repository rejected both fine-grained PAT and connected GitHub app cross-fork PR creation"
resource_provider_upstream_branch = "feat/runtime-rust-provider-composition"
resource_provider_upstream_commit = "488afb674a7279ebc4884e964bfcdfd4fa9e6823"
resource_provider_compat_branch = "uzel/resource-provider-compat-2cc"
resource_provider_compat_commit = "dd64c5a8afa7eb32ed156a8acedca51617680c4e"
resource_provider_fork_pr_url = "https://github.com/jodobear/nampplets/pull/3"
identity_refresh_upstream_branch = "feat/identity-cache-refresh"
identity_refresh_upstream_commit = "dc5e974116e38f1945cbe7507a0ff52d38ae50a4"
identity_refresh_fork_merge_commit = "3849595288d08d5b7c46c02987236a4bc2d8dd53"
identity_refresh_compat_branch = "uzel/identity-refresh-compat-dd64"
identity_refresh_compat_commit = "d533a63d519c14470f900323958509cdea1c6479"
identity_refresh_fork_pr_url = "https://github.com/jodobear/nampplets/pull/4"
provider_push_compat_branch = "fix/runtime-provider-push-limits"
provider_push_compat_commit = "e2f69f325a6b45213accdacfcc125e80e0687b4c"
provider_push_fork_pr_url = "https://github.com/jodobear/nampplets/pull/11"
provider_push_result = "pass: RuntimeConfig admits explicit nonzero envelope and pending-byte limits; values flow to BridgeLimits.provider_pushes; upstream focused test streams a response above the old 512-KiB ceiling"
public_identity_probe = "pass: supplied npub rendered canonical yo profile, 435 direct follows, and HTTPS avatar; first-follow click rendered nopara73 and its 768069-byte JPEG through NAP-RESOURCE as a WebKit object URL"
public_naddr_probe = "pass: signed kind 35129 resolved, exact bytes verified, permission-reviewed, installed, and launched"
trusted_shell_fixture_urls = "pass: every bundled nmp-artifact base uses the trusted host's exact UUID-v4 grammar"
linux_webkit_runtime_probe = "pass: headless Tauri/WebKit native acceptance rendered the supplied profile, 435 follows, initial avatar, clicked follow profile, and selected avatar with no runtime refusal"
plaintext_fallback_identity_result = "rejected: fallback lane received kind-10002 discovery only; generic Public identity content requires secure app lanes"
contribution_head = "fc68bce0a4793a8618445e234bcc91d69e8b96de"
candidate_branch = "feat/trusted-shell-multi-surface"
candidate_reachable = true
uzel_linux_acceptance = "accepted as an exact provisional POC dependency"
apple_required_for_uzel = false
fork_pull_request = 1
fork_pr_url = "https://github.com/jodobear/nampplets/pull/1"
fork_pr_result = "merged after clean exact-head Codex review and green Linux-relevant CI"
fork_merge_commit = "570a01f8ae85c4dccd5452aa764e97d88c2f6611"
upstream_pr_result = "cross-owner submission blocked by current fine-grained PAT"
rust_toolchain = "1.89.0"
baseline_status = "unratified"
baseline_file_sha256 = "0d97d277ffce49b464489bdaa883ce64c731d2311e2ad9a35c537747ae3ea393"
upgrade_report_sha256 = "ab067f61f643c1d2e78c6bebda3b662e1fe48179a54fe675707c33f8a929553b"
kehto_report_sha256 = "18fbeb304d45be000b08c6e0a9ae9eecc378cec2abf7637caf26339c4e939d04"
legacy_host_report_sha256 = "2b347d78b743e6160d1aa020e3e2bff9a949613a34b35b0066e2ba944afd98c0"
baseline_napplet_core = "0.29.0"
baseline_napplet_nap = "0.29.0"
baseline_napplet_shim = "0.27.0"
baseline_napplet_sdk = "0.25.0"
baseline_conformance = "0.14.0"
compatible_with_kehto_candidate = true
linux_workspace_result = "pass: fmt, clippy -D warnings, cargo test workspace, 22 Python tests, 4 trusted-shell tests, digest and file-growth checks"
legacy_host_result = "validated-incomplete: 4 pass, 1 not-run, 0 fail; external-asset lane is not executable in Chromium"
apple_result = "not run: Apple workbench and package suites require Xcode and an Apple host"
compatibility_reviewer = ""
security_reviewer = ""
nmp_boundary_reviewer = ""

[nmp]
repository = "https://github.com/pablof7z/nmp"
nampplets_pin = "005dc2a5f12aa414961b313d05ebb021934e385c"
observed_main = "0c07e018aa1ff0d16fb368f5f4b8d68caf496fb0"
version = "0.1.0"

[linux_webview]
nixpkgs_commit = "38a4887411571457d700c51c64a6e49ead2ed5ab"
nixpkgs_nar_hash = "sha256-kh35kIx7el4Jk8Ki3BH9/Pn1eZYSYLJ6LMALos0zOy0="
tauri_crate = "2.11.5"
tauri_cli = "2.11.4"
tauri_build = "2.6.3"
tauri_runtime_wry = "2.11.4"
wry = "0.55.1"
webkitgtk = "2.52.5"
gtk3 = "3.24.52"
weston_probe = "15.0.1"
mesa_probe = "26.1.5"
trust_probe_sha256 = "d1599a50e2adaa16477eb04c5590839f5341a919cdcb04318c4176abda993bd1"
trust_probe_result = "pass"

[ipc]
transport = "AF_UNIX under XDG_RUNTIME_DIR"
probe_sha256 = "48a1d032a9b97677b823341591a121a7210e3a7eded5d55195a50673fd01052c"
protocol_version = 0
maximum_frame_bytes = 524288
probe_result = "pass"

[tools]
os = "Fedora Server 43"
kernel = "7.1.3-101.fc43.x86_64"
nix = "2.34.1"
rust_host = "1.92.0"
rust_nampplets = "1.89.0"
node = "22.22.0"
npm = "10.9.4"
corepack = "0.34.0"
pnpm = "10.8.0"
bun = "1.3.3"
fallow = "3.9.1"
fallow_sha256 = "871e25151b2f6e78d0e7964e4f5af7efaf4a3ee9045406e73a6188605c564942"
mermaid_cli = "11.16.0"
graphify = "0.9.13"
deno = "2.9.4"

[slice_01]
verdict = "pass"
branch = "feat/slice-01-scaffold"
nixpkgs_commit = "38a4887411571457d700c51c64a6e49ead2ed5ab"
flake_lock_sha256 = "07a836d15a009b9960eab20f0269fb36efcd300d51a68b6093a123a80673ec25"
cargo_lock_sha256 = "460f541390c8f9d8a14306d2263969925621851e63d9902eb6c128e693fe7c3c"
pnpm_lock_sha256 = "1941e8b66fb762f45e5074014b27979db18c10ed2976c1d7b2c4e1ee4fb496cd"
debian_containerfile_sha256 = "5620cf8302cd753cc2a5d845d90813d110db758ecf92ba3fb73b8a2479495ea8"
fedora_probe_sha256 = "1f51c755b179508e69908916b787f03cf6391b6cd0d86620d855c0856226d809"
debian_probe_sha256 = "e46cc7ecb0afeedcb18a2cce35ca8eda80fa012c9f81b40676a603318d636612"
rust = "1.89.0"
node = "22.23.1"
pnpm = "10.8.0"
tauri_cli = "2.11.4"
tauri_crate = "2.11.5"
fallow = "3.9.1"
mermaid_cli = "11.16.0"
fedora_webkitgtk = "2.52.5"
fedora_run_result = "pass: napd and Tauri shell ready and alive under Weston 15.0.1 headless GL"
debian_base = "bookworm"
debian_node_image = "docker.io/library/node:22.23.1-bookworm@sha256:175215a1f306ed5df592434b99cc2019f70624373fe49cb659240a618a846aed"
debian_rust_image = "docker.io/library/rust:1.89.0-bookworm@sha256:c9ac3fa8945b61dede1e4500d25028aa8fd8a8fe46365fcf9c0422f8d999b9b0"
debian_webkitgtk = "2.50.6-1~deb12u2"
debian_build_result = "pass: locked frontend and full Cargo/Tauri workspace build"
feature_implementation = false

[slice_02]
verdict = "pass"
branch = "feat/slice-02-linux-runner"
validated_at = "2026-07-29"
nampplets_repository = "https://github.com/jodobear/nampplets"
nampplets_commit = "e539378ef735ce06651fd94b71e06f9ce757cb13"
nmp_commit = "005dc2a5f12aa414961b313d05ebb021934e385c"
cargo_lock_sha256 = "03d1d6fd58e013cbe845c2b315c088148cc38281b1d422bfb7966eabc942ffa0"
pnpm_lock_sha256 = "a4870aa91e70d6e79e3fce822f0b9deffb9bdae0383d3eb84bcea3e3fd8dce2c"
tauri_api = "2.11.1"
tauri_crate = "2.11.5"
fixture_author = "266815e0c9210dfa324c6cba3573b14bee49da4209a9456f9484e5106cd408a5"
fixture_d_tag = "good-morning"
fixture_aggregate = "828a6df02afd56782ea20f805084acce65c53f7c37554948c1e0a64aa5a2b0a8"
fixture_event_sha256 = "66d2a7ed73973e422c86119c3b5c5f1914cb15bad1bfbddecb61cc2edf1c9c17"
fixture_index_sha256 = "ffd35eea5c84d03cdda74c23e1bbb2c40500f503833503aa688036faa52f3808"
fixture_index_bytes = 96172
trusted_shell_sha256 = "32cb57cd2bb1064922888e5746e42dc9a63cb4df96d440026ca65efe1f2597bb"
trusted_shell_policy_sha256 = "d130c02862f8934caba77bfaca4a72cc2f94158daecfaf888830c0807e2352c4"
trusted_shell_domains_sha256 = "d4c930f66df0ae1767147598d2a05b9940a06ba8f6681a1093af36e6e35251c5"
available_domains = ["identity", "inc", "outbox", "shell"]
unavailable_domains = ["link", "resource", "theme"]
runtime_result = "pass: exact signed fixture verified, installed, launched, completed shell.init, and answered identity.getPublicKey through RuntimeController"
hostile_result = "pass: unmapped surface rejected; forged session/principal ignored; sandboxed child has no Tauri globals, Wry ipc function, or readable parent"
fedora_run_result = "pass: real Tauri/WebKitGTK exact-build, NAP-SHELL, authored artifact response, and child-native-denial markers observed"
debian_build_result = "pass: locked frontend and complete Cargo/Tauri/nampplets/NMP workspace built on Bookworm"
daemon_transfer_result = "pass: 524288-byte bounded control frame covers a 65536-byte inbound envelope after worst-case JSON escaping; 96172-byte verified document transfers in ordered 2048-byte chunks"
upstream_change_required = false

[slice_03]
verdict = "pass"
branch = "feat/slice-03-portable-napplets"
validated_at = "2026-07-29"
nap_registry_commit = "5ac0490461ca6fec2f0d2e45b4835cf9bc08de24"
nampplets_commit = "e539378ef735ce06651fd94b71e06f9ce757cb13"
nmp_commit = "005dc2a5f12aa414961b313d05ebb021934e385c"
pnpm_lock_sha256 = "4912ecf4dc1ae316b7133bab5f3ea54d3acf880745110d8134e0a5b4a16738cc"
deno_lock_sha256 = "23209bc013d259aafd7dd06eb8111a646e84cc13defa701b7cb9c3fd3e5d1287"
contract_schema_sha256 = "767a1f80409e9357e4a79109747d9feb17060df46e8361a6c9df85efea70b830"
fixture_author = "5ffaf74a636594d5995750526f67a0db34b1c49db9433844ecfb981af7ba69b2"
follow_list_d_tag = "follow-list"
follow_list_event_id = "1dd1a6658be603e127b46a3a1f78b2b4dab324fe116fb4f795aca601277014a6"
follow_list_event_sha256 = "e582973897da149a64a4f4c130e2752f417d4e48d3f07192a6be7fc8bbe14ba7"
follow_list_index_sha256 = "3ae0e253b192fff4aa36a86c0ddc48f20e86551058490b2893b52fa8d3d0edf4"
follow_list_aggregate = "eaf4e565642e5cd055c8f69bea832d39701d04d3a820f5a5753f39bb3651ea9a"
follow_list_index_bytes = 58881
profile_card_d_tag = "profile-card"
profile_card_event_id = "dd3a9f4f03a789de99c0933f09f777c2a0db81028d5c516021e9753e1c44c6ca"
profile_card_event_sha256 = "cf95cee268f3dd05971eaa77c8dd65468b4a0d3a28f3223e8e40d18e0320967d"
profile_card_index_sha256 = "eeb037774dcc43faf6e0e13a9cf67aae8684b34c9c52921bcbd511739c46fa63"
profile_card_aggregate = "9ee2d7bfebcd1c56f9c8c0e4641402e2d9ab7bed8c97c5d480cc77c04d5690cc"
profile_card_index_bytes = 59795
hostile_d_tag = "egress-probe"
hostile_event_id = "c942cb138008f32fb296a8953850a1e2d090a08cb96c43901b14e40db78b1c75"
hostile_event_sha256 = "0b4fb3c8ae2b747a2e531c1270c48305b7e859d7666d4d7b7b9e274e66cf593c"
hostile_index_sha256 = "94fd9d4e5ab363b17be0a6baba4b19783fabe115bced157fc081087039f1a4a9"
hostile_aggregate = "6dcafdf3a2622d7daa6544f1c668ffce7b5dd1f0c7984d658ae0803da93410c0"
hostile_index_bytes = 58909
source_hint = "https://blossom.invalid/ (reserved non-routable fixture source)"
unit_result = "pass: contract 2, follow-list 1, profile-card 4, hostile-egress 3"
conformance_result = "pass: follow-list and profile-card each 6 passed, 0 failed, 4 skipped"
manifest_verification_result = "pass: all three signed events and exact artifacts verify through pinned NMP runtime"
inc_result = "pass: queryless napplet:profile/open delivered with runtime-owned sender follow-list"
fallow_result = "pass: total_issues 0; health output remains informational"
fedora_run_result = "pass: canonical direct Nix command; exact build, shell, response, and child-native-denial markers observed"
debian_build_result = "pass: locked frontend and complete Cargo/Tauri/nampplets/NMP workspace built on Bookworm"
nap_intent_used = false
upstream_change_required = false
codex_review_round_1 = "addressed: stale async profile result, stale profile display on failure, and bare side-effect import boundary gap"
codex_review_round_2 = "addressed: request five profile candidates for valid fallback and wait for worker load outcome"
codex_review_round_3 = "addressed: require configured live unprivileged loopback sentinel and separate zero-connection assertion in Work 06"
codex_review_round_4 = "addressed: delegate kind-0 replaceable selection to NMP and project only one canonical provider row"
codex_review_round_5 = "addressed: deliver live sentinel through source-bound NAP-CONFIG and reject timestamps outside JavaScript Date range"
codex_review_round_6 = "addressed: reject template-literal runtime imports and synchronize the preflight pnpm lock digest"
codex_review_round_7 = "addressed: reject commented dynamic imports, including multiline line-comment forms"
codex_review_round_8 = "addressed: replace regex import matching with the pinned TypeScript parser and reject nonliteral dynamic imports"
codex_review_round_9 = "addressed: scan all supported JavaScript and TypeScript module extensions"
codex_review_round_10 = "addressed: inspect dependency names and targets and reuse the complete source set for direct-network denial"
codex_review_round_11 = "addressed: compile Svelte components and scan executable template expressions"
codex_review_round_12 = "addressed: retain Svelte type imports and reject declarative resource loads"
codex_review_round_13 = "addressed: reject resource-element spreads and scan product HTML entry points"
codex_review_round_14 = "addressed: reject inline HTML scripts and detect programmatic DOM resource loading"
codex_review_round_15 = "addressed: reject computed and nonliteral guarded browser-global capability access"
codex_review_round_16 = "addressed: reject aliases and destructuring that expose guarded browser globals"
codex_review_round_17 = "addressed: allowlist required global APIs and reject browser-global-returning chains"
codex_review_round_18 = "addressed: remove Window event callback authority and rely on frame teardown"
codex_review_round_19 = "addressed: reject wrapped and bare browser navigation authority"
codex_review_round_20 = "addressed: reject meta refresh, transitive location, and dynamic property access"
codex_review_round_21 = "addressed: reject dynamic code execution and executable HTML event attributes"
codex_review_round_22 = "addressed: reject indirect Function recovery through constructor access"
codex_review_round_23 = "addressed: reject reflective constructor and prototype lookup"
codex_review_round_24 = "addressed: reject destructured constructors and bulk Object property mutation"
codex_review_round_25 = "addressed: reject raw RTCPeerConnection network authority; graph refresh separation confirmed from commit history"
codex_review_round_26 = "addressed: regenerate, re-sign, and repin exact source fixtures; reject Window recovery through event targets"
codex_review_round_27 = "addressed: reject modern and legacy resource-bearing markup attributes independent of element name"
codex_review_round_28 = "addressed: reject DOMParser-created resource nodes"
codex_review_round_29 = "addressed: reject programmatic style-attribute mutation"
codex_review_round_30 = "addressed: reject constructed stylesheet replacement and adoption; graph refresh separation reconfirmed from commit history"
codex_review_round_31 = "addressed: exact dependency allowlist, indirect DOM setter denial, and CSS custom-property mutation denial"
codex_review_round_32 = "addressed: scan shared contract sources and reject nested DOM resource assignments"

[slice_05]
verdict = "pass"
branch = "feat/slice-05-composed-demo"
validated_at = "2026-07-29"
nampplets_repository = "https://github.com/jodobear/nampplets"
nampplets_commit = "e539378ef735ce06651fd94b71e06f9ce757cb13"
nmp_commit = "005dc2a5f12aa414961b313d05ebb021934e385c"
cargo_lock_sha256 = "826f8d7725e373be927cc144b72b104c5d54629d2771816ddc3f7e53f23a38ec"
pnpm_lock_sha256 = "4912ecf4dc1ae316b7133bab5f3ea54d3acf880745110d8134e0a5b4a16738cc"
trusted_shell_commit = "fc68bce0a4793a8618445e234bcc91d69e8b96de"
trusted_shell_sha256 = "f1a648993468098398a9e46413f7ed3721e2e2fce706ed3452ba1d1f04210f4d"
trusted_shell_surface_host_sha256 = "55c194631e7e90901dee151bdeb3cdbd93ea1576ed07bb2546d39c2b0ab590be"
active_fixture_limit = 4
active_demo_fixtures = ["profile-card", "follow-list"]
surface_routing_result = "pass: exact source-bound provider responses remain source-scoped and runtime-authorized inc.emit targets the installed profile-card handler"
shell_result = "pass: one trusted WebView mounts two sandboxed exact-build frames with persisted orientation and split, directional focus, resize, fullscreen, public identity selection, status, and user-hidden bounded diagnostics"
runtime_test_result = "pass: 17 daemon tests, 1 explicit live NMP test, 4 protocol tests, 1 daemon-binary test"
conformance_result = "pass: follow-list and profile-card each report 6 passed, 0 failed, 4 skipped"
fedora_run_result = "pass: exact profile-card and follow-list builds, two NAP-SHELL deliveries, two child acceptance callbacks, and authored identity.getFollows response observed under WebKitGTK/Weston"
debian_build_result = "deferred to clean Work 06 final acceptance"
upstream_change_required = true
upstream_change = "portable bounded multi-surface trusted-shell host with accepted/rejected environment acknowledgement at contribution head jodobear/nampplets@fc68bce; Uzel Rust runtime remains pinned to validated e539378 because current upstream rejects the deterministic plaintext loopback relay"
rejected_upgrade_result = "0609f53 runtime open refused ws://127.0.0.1 fallback relay before NMP refresh; trusted local TLS is deferred beyond the POC"
codex_review_round_1 = "addressed: correlate cross-surface INC delivery by exact type and topic rather than any asynchronous response"
codex_review_round_2 = "addressed: remount exact frames after read identity changes so provider state cannot remain stale"
codex_review_round_3 = "addressed: directional and named focus controls now move DOM focus to the selected shell pane"
codex_review_round_4 = "addressed: stacked fullscreen overrides the vertical split track and fills the workspace"
codex_review_round_5 = "addressed: directional navigation focuses a shell pane first; Enter enters its iframe without trapping the next arrow in the child"
codex_review_round_6 = "addressed: absent split storage retains the declared 42 percent default"
codex_review_round_7 = "addressed: begin the shell wait before mounting, transition to ready only after both accepted shell.init deliveries, and preserve later handshake failures"
codex_review_round_8 = "addressed: gate every ready indicator and proof label on both completed handshakes and the absence of a latched failure"
codex_review_round_9 = "addressed: count readiness only after the child prelude acknowledges exact environment acceptance through the one-shot source-bound channel"
codex_review_round_10 = "addressed: keep post-handshake runtime request errors separate from the NAP-SHELL failure latch"
codex_review_round_11 = "addressed: identity-driven remount refusal latches shell failure before propagating to the identity form"
codex_review_round_12 = "addressed: rejected child environments explicitly cross the one-shot port and invoke the source-bound shell failure callback"
codex_review_round_13 = "addressed: identity changes stop old runtime sessions before launching fresh sessions and frames, so late responses cannot collide with reset child request identifiers"
self_review_round_14 = "addressed: close both old frame acknowledgement channels before the first stop IPC await and ignore callbacks from tokens outside the current surface set"
codex_review_round_15 = "addressed: disable and fail-close identity submission until both initial or restarted surfaces have acknowledged shell.init, serializing identity changes after composition"

[slice_06]
verdict = "pass"
branch = "feat/slice-06-hardening-demo"
validated_at = "2026-07-29"
nampplets_commit = "e539378ef735ce06651fd94b71e06f9ce757cb13"
nmp_commit = "005dc2a5f12aa414961b313d05ebb021934e385c"
trusted_shell_commit = "fc68bce0a4793a8618445e234bcc91d69e8b96de"
cargo_lock_sha256 = "37e3544f3f5ac11230808f8883bbb6e632edfbd32eb6e47203892638ac06a693"
pnpm_lock_sha256 = "4912ecf4dc1ae316b7133bab5f3ea54d3acf880745110d8134e0a5b4a16738cc"
deno_lock_sha256 = "23209bc013d259aafd7dd06eb8111a646e84cc13defa701b7cb9c3fd3e5d1287"
flake_lock_sha256 = "07a836d15a009b9960eab20f0269fb36efcd300d51a68b6093a123a80673ec25"
hostile_author = "79be667ef9dcbbac55a06295ce870b07029bfcdb2dce28d959f2815b16f81798"
hostile_aggregate = "d29a7660cd37118f9d619a16854617b0d44b20d16b3f6a45b9f8e28ce5187a16"
hostile_event_id = "8efc7cb0c99c82e115db1009e48af6c66c110e59e87c0782c85cb1786227c3f1"
hostile_event_sha256 = "c6183534dc7d46b33c722f9d1771c62ed2a41fc92cfaae07030c6b04608b8bb3"
hostile_index_sha256 = "749d4742bde8d42a85f0719f12248203a86ebb9f7f0ace408951f08eb8e15285"
browser_egress_probe_count = 13
sentinel_result = "pass: unprivileged ephemeral 127.0.0.1 sentinel accepted its control connection and zero hostile connections after probe settlement"
native_bridge_result = "pass: forged invalid-key raw WebKit transport was visible but application command count remained zero"
source_binding_result = "pass: hostile verdict accepted only from the exact mounted child source and staged exact session"
user_mode_result = "pass: diagnostics hidden and unsafe fixture controls absent"
fedora_clean_result = "pass: real WebKitGTK/Weston hostile run from detached clean checkout"
debian_build_result = "pass: immutable-digest Node 22.23.1 Bookworm and Rust 1.89.0 Bookworm image built locked frontend and complete workspace"
deterministic_clean_result = "pass: locked install and pnpm smoke from detached clean checkout"
rust_result = "pass: napd 20 passed/1 ignored; protocol 4; binary 1; pinned Debian Tauri app 5; workspace excluding Tauri app passed"
frontend_result = "pass: hostile 7/7; Svelte check 0 errors/0 warnings; production build passed"
conformance_result = "pass: follow-list and profile-card each 6 passed, 0 failed, 4 skipped"
fallow_result = "pass: 3.9.1 total_issues 0; health findings informational"
format_lint_boundary_result = "pass: rustfmt; Clippy workspace/all targets with warnings denied; source boundaries"
send_beacon_interpretation = "queued means browser queue acceptance only; independent zero-accept sentinel is the transport verdict"
bubblewrap = "0.11.0 present; whole-application --unshare-net rejected because it also removes trusted loopback daemon and NMP relay access; per-WebKit-child policy deferred post-POC"
fedora_workspace_test_limitation = "mixed Nix WebKitGTK and host linker can request GLIBC_2.42; isolated app tests and complete pinned Debian workspace build pass"
upstream_change_required = false
codex_review_round_1 = "addressed: unmount the hostile frame while the live sentinel remains active, then settle and sample deferred beacon transport"
codex_review_round_2 = "addressed: synchronously dispatch invalid-key raw WebKit IPC before publishing the final report and require raw diagnostic, result receipt, and success markers in that order"
codex_review_round_3 = "addressed: signal stop, drain the listener backlog through WouldBlock, join the accept thread, and only then sample the connection count"
codex_review_round_4 = "addressed: retain any non-WouldBlock accept-loop failure and reject finalization instead of treating a dead sentinel as zero accepts"

[live_identity_naddr]
validated_at = "2026-07-31"
implementation_commit = "f85452be2b9c4817a8172ac615b35c0755738f50"
cleanup_bridge_commit = "9650c01aa027de891abffbe83a563e46e7c68aa5"
lifecycle_cleanup_commit = "c1c74b775ba877ffe4448ae32b69c63c3e4dcedb"
catalog_replay_commit = "618dd7d6678318b0232fe1564745b528df7fdc9d"
live_smoke_commit = "d3176ad7adaa37231dd329ab23467135a915621b"
product_resource_config_commit = "6a2e0291a614e910c0579fb744d7a7684964f7b9"
shell_reconciliation_commit = "8e16b4361aac171245c7b9f09b2645fba5ffa250"
review_reconciliation_commit = "577c598968b5c24adf7347cb5cb786faa3d1e2c8"
routed_envelope_chunk_commit = "eda1f41dcfb5251c561ee4ac650760543c8b9ef0"
runtime_response_retention_commit = "bc105ff92b1ac0e82d21ba2c881d4180a4daafc6"
pending_operation_retention_commit = "ac69aa71823f639b5ac499a4c2b168cbc584f859"
no_blossom_product_config_commit = "33582d9b1d3b780e749bc7c61ba56f344e1a19f4"
ambiguous_confirmation_commit = "07f49eacd8fbfdcf77f7a52f19524fcf0084b87f"
recoverable_shell_states_commit = "d3fdd83b54e650e6c38972f2319b490525d9260e"
confirmation_grant_freeze_commit = "8c6c233f50373f3446f054bad9c5c7fff48a86ea"
fresh_identity_evidence_commit = "4fafa6a76f1f94b5ec45103a8b53a081b74695fc"
latest_known_identity_correction_commit = "d907e8a10b1f9cf35d5dcd41ee088b30ece6da36"
reconciled_replay_retirement_commit = "6b0ff72fa85d27d143c9b72de674dd3827a84cb3"
initialization_retry_commit = "605874d8658c4d4f599d144ef1c860b96a2b51ae"
hostile_initialization_recovery_commit = "99bc2ca6ba25bf93c5d52f7086b77ae948d9b5c1"
refreshed_signed_fixtures_commit = "d907e8a10b1f9cf35d5dcd41ee088b30ece6da36"
refreshed_fixture_smoke_commit = "d907e8a10b1f9cf35d5dcd41ee088b30ece6da36"
linux_test_profile_commit = "0ff55efbd0c8778eb8f3b90db5dd801b8227fa47"
profile_follow_query_commit = "eb15650ed6dbbf37038ba1950ea78b9b4aad1dc8"
profile_follow_fixture_commit = "ffecb6bfb808cced164f31a8db271b1dccb55a47"
profile_follow_assertion_commit = "c9a1a3ddab6486ddbd8cd45d3199c2f65790f02b"
provider_push_integration_commit = "e2638f9958a4dfdb125e16f711e5296640349dae"
refreshed_follow_fixture_author = "8dd2fc14f5d41e5b87d3de9baf3129398602a3d257a3d0c415f0841f0550a155"
refreshed_profile_fixture_author = "c6163d9c81fa6f96a78e371c547cfe6a7e6b71340a1c7b564b8c86adf4c6fc87"
refreshed_follow_event_sha256 = "e4732ee0033687aec0dfba4e1ee050a775d4cf1797741dfc0e9c858fde7559fe"
refreshed_follow_index_sha256 = "ecf5118afcb9d1dd218288445397ae596cf85d2d6ad7de57bb7097c8faf217ce"
refreshed_profile_event_sha256 = "233ee032adab22051a0e7014dc20bfe073f88875fa32b592a8a0634c4f863e62"
refreshed_profile_index_sha256 = "b599ba9d5ff40dc34996f12a13f310b413c2818c93e66b46bb5ccea9dfed0bf5"
refreshed_profile_aggregate = "5014540ffd21538f011bcf7d1c4999d73e5a5691b681bc878921b5e857de9b94"
profile_follow_cargo_lock_sha256 = "9dfbec75b807276b78eb9ee9b8384be47c9a736ab63f7fc0ec8d73d080251603"
maximum_envelope_bytes = 65536
maximum_frame_bytes = 524288
maximum_routed_envelope_bytes = 104923136
envelope_chunk_bytes = 262144
maximum_buffered_event_bytes = 104988672
maximum_pending_operations = 64
maximum_provider_push_envelope_bytes = 104923136
maximum_provider_push_pending_bytes = 104923136
frame_escaping_result = "pass: maximum envelope with sixfold JSON control-character escaping and maximum surface wrapper fits the bounded frame"
routed_envelope_result = "pass: responses above 65536 bytes stream in ordered same-surface chunks within the unchanged frame ceiling; client validates offsets, total, completion, UTF-8, and the trusted-shell aggregate bound"
runtime_response_retention_result = "pass: matched responses are consumed once; duplicate response debug text is dropped; count and aggregate-byte eviction are tested"
pending_operation_retention_result = "pass: ambiguous replay IDs are capped at 64; deterministic frame, connect, and timeout-setup failures discard their entries"
blossom_product_configured = false
blossom_product_config_result = "pass: live mode accepts no Blossom endpoint; the upstream constructor receives only the reserved non-routable blossom.invalid placeholder; ordinary HTTPS remains governed by NAP-RESOURCE"
ambiguous_confirmation_result = "pass: two lost confirmation replies produce a typed UI lock; Retry Install sends byte-identical frozen inputs and operation ID, receives the original surface, and never cancels the consumed review"
partial_base_recovery_result = "pass: injected second-pane launch failure stops the created first pane exactly once, exposes the compact locked recovery card, and Retry surfaces restores both exact panes"
ambiguous_review_result = "pass: two lost review replies cross Tauri as typed state; Close, identity, and coordinate mutation stay locked until Retry review sends the identical coordinate without cancellation"
confirmation_grant_freeze_result = "pass: optional grants are disabled while confirmation is in flight and while ambiguous; Retry install sends the byte-identical sorted grant vector and retained operation"
fresh_identity_evidence_result = "rejected: rendered profile/follow inequality is not authoritative freshness; released napplet-web 0.29.0 strips nampplets scoped evidence, so d907e8a deletes napplet polling and labels one NMP-backed read latest-known"
reconciled_replay_retirement_result = "pass: an authoritative empty post-cleanup snapshot clears retained client catalog operations; the same input then receives a new operation ID instead of a stale cached response"
initialization_retry_result = "pass: an injected first reconciliation failure exposes a locked Retry initialization action; the clicked retry reconciles again, mounts both base panes, reaches NAP-SHELL 2/2, and reports zero browser-console warnings or errors"
hostile_initialization_recovery_result = "pass: injected hostile mount refusal unmounts and stops the exact hostile token plus both created base surfaces; stop_fixture cancels only the matching hostile sentinel; Retry surfaces relaunches all three surfaces, reaches NAP-SHELL 2/2, and reports zero browser-console warnings or errors"
refreshed_signed_fixtures_result = "pass: follow-list and profile-card signed index artifacts contain the latest-known reload behavior without a napplet freshness cache; event signatures, path digests, aggregate hashes, trusted-shell UUIDs, pinned file hashes, and centralized real-WebKit smoke markers match the exact runtime"
native_profile_follow_result = "pass: supplied npub rendered yo, 435 latest-known follows, and an object-URL avatar; first-follow click rendered nopara73 and its 768069-byte JPEG as an object URL; shell stayed at Two exact builds ready through NAP-SHELL with no runtime refusal"
provider_push_root_cause = "the old Nampplets 256-KiB envelope and 512-KiB pending-push defaults rejected the base64-encoded 768069-byte JPEG after provider fetch, without a correlated terminal envelope"
provider_push_limit_result = "pass: Uzel explicitly opts into the trusted-shell 104923136-byte aggregate ceiling for both one provider envelope and pending provider bytes; ordinary IPC frame and routed aggregate bounds remain unchanged"
resource_bytes_many_limit = "open: Nampplets issue 9 tracks a whole-operation bound for sequential resource.bytesMany; this acceptance proves resource.bytes only"
rich_profile_follow_author = "27edb415c2e4e82034acbc03e3d1d677b9b80eebb74a9ff41607488bac163ee0"
rich_profile_follow_event_id = "6bc095bd168e75e3444e9e21b5314c2b9d1df9ddd186cabc834579a916a6da72"
rich_profile_follow_event_sha256 = "b145fd991e1a7c9600962351103bdb1464a2fe85af2cb644cade6db2377fcf25"
rich_profile_follow_index_sha256 = "cb331fee5ca80e58b8cecfbaec8fc6c74960bad0f6fdb5133fd0d17203bfd204"
rich_profile_follow_aggregate = "c452783958683672fdb7b7e8987ac01ffcc125a984bfdda9cee1d3d524e166d7"
rich_profile_follow_index_bytes = 68517
rich_profile_profile_author = "c5d22cb1941b12effc764b4f6635e97e6c7e5192107db9a96a6c4f63e5a910d7"
rich_profile_profile_event_id = "651712f2283bc87f2f528ca3d7e76858f90c56e35b3c6137fea50d29cd2f2079"
rich_profile_profile_event_sha256 = "bf93d3adec14237e799bb507464c4c3175e8525db460c7f87f6be54331295980"
rich_profile_profile_index_sha256 = "5b570417414fc9cfc81cf6124893b2a4833175693da27103c240754106d63954"
rich_profile_profile_aggregate = "b6637ff3e90e13b110bafbbaf00d166e7f27e2ebd845d038630b0ba942732b26"
rich_profile_profile_index_bytes = 63010
rich_profile_initial_batch_authors = 8
rich_profile_failed_batch_result = "pass: errored or incomplete partial results preserve validated rows and retry only unresolved authors; a correlated response rejected by the 64-KiB trust projection becomes a bounded incomplete result before adaptive splitting, while an actual transport failure opens the refresh circuit; at most 32 adaptive retries are created"
rich_profile_maximum_active_queries = 2
rich_profile_maximum_retry_queries = 32
rich_profile_maximum_avatar_requests = 4
rich_profile_maximum_pending_avatar_object_urls = 32
rich_profile_loaded_avatar_result = "pass: viewport exit cancels matching queued work and aborts an active per-row NAP-RESOURCE request, queued work rechecks visibility, failed requests remain quiescent until a later visibility transition, decoded sources are removed on exit, and visible rows reload only after re-entry"
rich_profile_metadata_text_result = "pass: complete kind-0 display preserves exact authored JSON text, including unsafe integers and duplicate keys, outside the live status region"
rich_profile_renderer_result = "pass: deterministic Chromium converted an oversized correlated outbox response into bounded incomplete evidence and enriched both isolated authors; real signed napplet bytes preserved one validated incomplete row without an error string, retried only the unresolved author, cancelled an active off-screen avatar request, removed stale rows after a failed reload, exposed friendly accessible row labels, unloaded and reloaded a viewport avatar, rendered complete exact standard/custom/nested kind-0 text, kept hostile-looking metadata inert, and made zero ordinary browser network requests"
rich_profile_native_result = "pending: rerun Debian 13 interactive acceptance against these exact signed fixture hashes"
codex_review_round_10 = "addressed: update durable status; shrink initial profile batches and bisect failures without discarding valid partial evidence; cap and revoke avatar object URLs; preserve exact authored kind-0 text; keep full metadata outside the live status region"
rich_profile_codex_review_round_2 = "addressed: bound adaptive retries and trip a transport circuit; release decoded avatars on viewport exit; handle incomplete results without an error string"
rich_profile_codex_review_round_3 = "addressed: isolate trust-projection overflow before classifying transport outage; cancel queued off-screen avatar jobs"
rich_profile_codex_review_round_4 = "addressed: cancel active off-screen avatar work; remove stale rows after failed reload; include resolved names in accessible row labels"
root_test_result = "pass: pnpm test runs contracts, napplets, shell, 43 non-Tauri Rust tests, all 12 Tauri tests under the exact no-default-features Linux runtime profile, and pinned assets; default-feature compilation remains covered by pnpm check and portable packaged linkage by Debian build smoke"
stop_retry_result = "pass: absent surface cleanup is idempotent; mocked lost stop response retained the loaded lock and the second Close succeeded"
cancel_retry_result = "pass: absent review cancellation is idempotent; mocked lost cancel response retained the exact review and the second Close succeeded"
browser_fault_injection_result = "pass: Playwright clicked loaded stop, cancellation, transfer cleanup, identity-change base-pane stop, pre-pane initialization, and hostile mount failure/retry paths; exact tokens remained locked until retry; compact recovery screenshots inspected; browser console had zero errors or warnings"
codex_review_round_1 = "addressed: loaded-session stop retry after a lost response"
codex_review_round_2 = "addressed: retain review tokens after retryable UI cancellation failure"
codex_review_round_3 = "addressed: reserve explicit JSON escaping and wrapper headroom in the private IPC frame"
codex_review_round_4 = "addressed: synchronize architecture, design, fact, work, report, and compatibility records to the current frame ceiling"
codex_review_round_5 = "addressed: preserve TransferCleanupFailed surface token as structured Tauri error and retain a retryable locked shell state"
codex_review_round_6 = "addressed: stop every new catalog session on post-launch refinement failure and close an unprojectable runtime fail-closed"
codex_review_round_7 = "addressed: retain failed base-pane stop tokens across identity changes and expose idempotent retry before reopening identity or catalog work"
codex_review_round_8 = "addressed: retain one client operation ID across ambiguous review transport failures and replay the exact bounded daemon response"
codex_review_round_9 = "addressed: retain one client operation ID across ambiguous confirmation transport failures so the launched surface is reconciled instead of duplicated"
codex_review_round_10 = "addressed: use the exact current ignored live-identity test and reject a zero-test cargo success"
codex_review_round_11 = "addressed: move Blossom fallback-server selection out of reusable napd and into product configuration; ordinary public HTTPS remains governed by upstream NAP-RESOURCE policy"
codex_review_round_12 = "addressed: reconcile every pre-existing daemon surface before a fresh shell launches panes and retain an exact fail-closed retry list"
codex_review_round_13 = "addressed: expose and cancel bounded pending reviews during fresh-shell reconciliation and retain typed retry entries after the second authoritative snapshot"
codex_review_round_14 = "addressed: chunk large NAP-RESOURCE routed responses on the original socket connection without raising the 524288-byte control-frame ceiling"
codex_review_round_15 = "addressed: consume matched runtime responses and enforce aggregate-byte eviction instead of retaining large resource envelopes by event count alone"
codex_review_round_16 = "addressed: cap ambiguous client operations and discard deterministic pre-send failures instead of retaining them for shell lifetime"
codex_review_round_17 = "addressed: remove mandatory Blossom endpoint configuration from the Linux product and keep the upstream-required slot non-routable"
codex_review_round_18 = "addressed: surface double-lost confirmation replies as a typed lock and reconcile with the identical retained operation before allowing close or mutation"
codex_review_round_19 = "addressed: route partial base-pane initialization failures through exact cleanup and the existing visible retry flow"
codex_review_round_20 = "addressed: preserve double-lost review replies as a typed lock and retry the identical retained operation before allowing close or coordinate mutation"
codex_review_round_21 = "addressed: freeze capability grants during confirmation so an ambiguous retry reuses the identical retained operation"
codex_review_round_22 = "historical and superseded by round 27: rendered-value change was initially used as freshness but is not authoritative NMP evidence"
codex_review_round_23 = "addressed: retire retained client catalog operations after authoritative renderer-startup cleanup reaches an empty second snapshot"
codex_review_round_24 = "addressed: preserve a visible retry action when runtime initialization fails before either base surface exists"
codex_review_round_25 = "historical and superseded by round 27: fixtures were regenerated for the now-rejected rendered-value freshness predicate"
codex_review_round_26 = "addressed: include a partially mounted hostile probe in exact initialization cleanup and replay, with sentinel ownership bound to its surface token"
codex_review_round_27 = "addressed: remove napplet-owned content-key freshness and polling; expose only latest-known reload until authoritative NMP evidence crosses the released NAP identity seam"

[gates]
V_01 = "pass"
V_01_reason = "PR 204 is merged, released package pins are exact, and conformance-clean Kehto candidate 62241de is reachable at jodobear/kehto-web; an upstream merge is not required for a provisional exact-SHA POC pin"
V_02 = "pass"
V_03 = "pass"
V_04 = "pass"
V_05 = "pass"
V_06 = "pass"
V_06_reason = "strict-CSP egress probe remains clean and exact candidate chat/feed artifacts contain no modulepreload fetch and pass released conformance"
V_07 = "pass"
V_08 = "pass"
